
Microsoft Visual Studio Solution File, Format Version 11.00
# Visual Studio 2010
# SharpDevelop 4.4
Project("{FAE04EC0-301F-11D3-BF4B-00C04F79EFBC}") = "Dome_Control", "Dome_Control\Dome_Control.csproj", "{B002444C-AFBA-4FD3-A916-9264131EEB71}"
EndProject
Project("{FAE04EC0-301F-11D3-BF4B-00C04F79EFBC}") = "ArduinoDome", "ArduinoDome\ArduinoDome.csproj", "{441F01C3-7925-4F4D-99AE-6AAE20128AB6}"
EndProject
Project("{FAE04EC0-301F-11D3-BF4B-00C04F79EFBC}") = "ASCOM_Telescope", "ASCOM_Telescope\ASCOM_Telescope.csproj", "{71D9C0CD-EB7C-4D87-B282-29F077C1FF80}"
EndProject
Project("{FAE04EC0-301F-11D3-BF4B-00C04F79EFBC}") = "DromeDriver", "DromeDriver\DromeDriver.csproj", "{83AB6841-687E-4DC8-A976-5AB8A24310E0}"
EndProject
Project("{FAE04EC0-301F-11D3-BF4B-00C04F79EFBC}") = "ASCOM_Dome", "ASCOM_Dome\ASCOM_Dome.csproj", "{0BECFDCC-1F18-4762-B633-141B24039CAC}"
EndProject
Project("{FAE04EC0-301F-11D3-BF4B-00C04F79EFBC}") = "AVR_Device", "..\Peltier_GUI\AVR_Device\AVR_Device.csproj", "{6B0E5F41-FE60-470A-8AF4-8597F1C20DC7}"
EndProject
Project("{6141683F-8A12-4E36-9623-2EB02B2C2303}") = "Setup", "Setup\Setup.isproj", "{34C0BBCC-7B95-47E4-AFDE-047A5F26CA77}"
	ProjectSection(ProjectDependencies) = postProject
		{6B0E5F41-FE60-470A-8AF4-8597F1C20DC7} = {6B0E5F41-FE60-470A-8AF4-8597F1C20DC7}
		{B002444C-AFBA-4FD3-A916-9264131EEB71} = {B002444C-AFBA-4FD3-A916-9264131EEB71}
		{B002444C-AFBA-4FD3-A916-9264131EEB71} = {B002444C-AFBA-4FD3-A916-9264131EEB71}
		{B002444C-AFBA-4FD3-A916-9264131EEB71} = {B002444C-AFBA-4FD3-A916-9264131EEB71}
		{441F01C3-7925-4F4D-99AE-6AAE20128AB6} = {441F01C3-7925-4F4D-99AE-6AAE20128AB6}
		{0BECFDCC-1F18-4762-B633-141B24039CAC} = {0BECFDCC-1F18-4762-B633-141B24039CAC}
		{0BECFDCC-1F18-4762-B633-141B24039CAC} = {0BECFDCC-1F18-4762-B633-141B24039CAC}
	EndProjectSection
EndProject
Project("{6141683F-8A12-4E36-9623-2EB02B2C2303}") = "Dome_Control.Deploy", "Dome_Control.Deploy\Dome_Control.Deploy.isproj", "{E2C8BF37-D0EB-4E3C-8F68-02CEA93FF64C}"
	ProjectSection(ProjectDependencies) = postProject
		{6B0E5F41-FE60-470A-8AF4-8597F1C20DC7} = {6B0E5F41-FE60-470A-8AF4-8597F1C20DC7}
		{6B0E5F41-FE60-470A-8AF4-8597F1C20DC7} = {6B0E5F41-FE60-470A-8AF4-8597F1C20DC7}
		{6B0E5F41-FE60-470A-8AF4-8597F1C20DC7} = {6B0E5F41-FE60-470A-8AF4-8597F1C20DC7}
		{6B0E5F41-FE60-470A-8AF4-8597F1C20DC7} = {6B0E5F41-FE60-470A-8AF4-8597F1C20DC7}
		{B002444C-AFBA-4FD3-A916-9264131EEB71} = {B002444C-AFBA-4FD3-A916-9264131EEB71}
		{B002444C-AFBA-4FD3-A916-9264131EEB71} = {B002444C-AFBA-4FD3-A916-9264131EEB71}
		{B002444C-AFBA-4FD3-A916-9264131EEB71} = {B002444C-AFBA-4FD3-A916-9264131EEB71}
		{B002444C-AFBA-4FD3-A916-9264131EEB71} = {B002444C-AFBA-4FD3-A916-9264131EEB71}
		{441F01C3-7925-4F4D-99AE-6AAE20128AB6} = {441F01C3-7925-4F4D-99AE-6AAE20128AB6}
		{441F01C3-7925-4F4D-99AE-6AAE20128AB6} = {441F01C3-7925-4F4D-99AE-6AAE20128AB6}
		{441F01C3-7925-4F4D-99AE-6AAE20128AB6} = {441F01C3-7925-4F4D-99AE-6AAE20128AB6}
		{441F01C3-7925-4F4D-99AE-6AAE20128AB6} = {441F01C3-7925-4F4D-99AE-6AAE20128AB6}
		{0BECFDCC-1F18-4762-B633-141B24039CAC} = {0BECFDCC-1F18-4762-B633-141B24039CAC}
		{0BECFDCC-1F18-4762-B633-141B24039CAC} = {0BECFDCC-1F18-4762-B633-141B24039CAC}
		{0BECFDCC-1F18-4762-B633-141B24039CAC} = {0BECFDCC-1F18-4762-B633-141B24039CAC}
		{0BECFDCC-1F18-4762-B633-141B24039CAC} = {0BECFDCC-1F18-4762-B633-141B24039CAC}
	EndProjectSection
EndProject
Project("{FAE04EC0-301F-11D3-BF4B-00C04F79EFBC}") = "LogLib", "LogLib\LogLib.csproj", "{C3E11663-6716-40EF-B12C-74DD639DF9DA}"
EndProject
Project("{FAE04EC0-301F-11D3-BF4B-00C04F79EFBC}") = "DomeMovingAlg_Lib", "DomeMovingAlg_Lib\DomeMovingAlg_Lib.csproj", "{D8307E24-600C-4116-9669-5351D9DF1B27}"
EndProject
Project("{FAE04EC0-301F-11D3-BF4B-00C04F79EFBC}") = "TestDomeAlgMove", "TestDomeAlgMove\TestDomeAlgMove.csproj", "{6D183DF8-3AF2-4F0B-AE55-700BD43D15F6}"
EndProject
Global
	GlobalSection(SolutionConfigurationPlatforms) = preSolution
		CD_ROM|Any CPU = CD_ROM|Any CPU
		CD_ROM|Mixed Platforms = CD_ROM|Mixed Platforms
		CD_ROM|x86 = CD_ROM|x86
		Debug|Any CPU = Debug|Any CPU
		Debug|Mixed Platforms = Debug|Mixed Platforms
		Debug|x86 = Debug|x86
		DVD-5|Any CPU = DVD-5|Any CPU
		DVD-5|Mixed Platforms = DVD-5|Mixed Platforms
		DVD-5|x86 = DVD-5|x86
		Release|Any CPU = Release|Any CPU
		Release|Mixed Platforms = Release|Mixed Platforms
		Release|x86 = Release|x86
		SingleImage|Any CPU = SingleImage|Any CPU
		SingleImage|Mixed Platforms = SingleImage|Mixed Platforms
		SingleImage|x86 = SingleImage|x86
	EndGlobalSection
	GlobalSection(ProjectConfigurationPlatforms) = postSolution
		{B002444C-AFBA-4FD3-A916-9264131EEB71}.CD_ROM|Any CPU.ActiveCfg = Release|x86
		{B002444C-AFBA-4FD3-A916-9264131EEB71}.CD_ROM|Mixed Platforms.ActiveCfg = Release|x86
		{B002444C-AFBA-4FD3-A916-9264131EEB71}.CD_ROM|Mixed Platforms.Build.0 = Release|x86
		{B002444C-AFBA-4FD3-A916-9264131EEB71}.CD_ROM|x86.ActiveCfg = Release|x86
		{B002444C-AFBA-4FD3-A916-9264131EEB71}.CD_ROM|x86.Build.0 = Release|x86
		{B002444C-AFBA-4FD3-A916-9264131EEB71}.Debug|Any CPU.ActiveCfg = Debug|x86
		{B002444C-AFBA-4FD3-A916-9264131EEB71}.Debug|Mixed Platforms.ActiveCfg = Debug|x86
		{B002444C-AFBA-4FD3-A916-9264131EEB71}.Debug|Mixed Platforms.Build.0 = Debug|x86
		{B002444C-AFBA-4FD3-A916-9264131EEB71}.Debug|x86.ActiveCfg = Debug|x86
		{B002444C-AFBA-4FD3-A916-9264131EEB71}.Debug|x86.Build.0 = Debug|x86
		{B002444C-AFBA-4FD3-A916-9264131EEB71}.DVD-5|Any CPU.ActiveCfg = Debug|x86
		{B002444C-AFBA-4FD3-A916-9264131EEB71}.DVD-5|Mixed Platforms.ActiveCfg = Debug|x86
		{B002444C-AFBA-4FD3-A916-9264131EEB71}.DVD-5|Mixed Platforms.Build.0 = Debug|x86
		{B002444C-AFBA-4FD3-A916-9264131EEB71}.DVD-5|x86.ActiveCfg = Debug|x86
		{B002444C-AFBA-4FD3-A916-9264131EEB71}.DVD-5|x86.Build.0 = Debug|x86
		{B002444C-AFBA-4FD3-A916-9264131EEB71}.Release|Any CPU.ActiveCfg = Release|x86
		{B002444C-AFBA-4FD3-A916-9264131EEB71}.Release|Mixed Platforms.ActiveCfg = Debug|x86
		{B002444C-AFBA-4FD3-A916-9264131EEB71}.Release|Mixed Platforms.Build.0 = Debug|x86
		{B002444C-AFBA-4FD3-A916-9264131EEB71}.Release|x86.ActiveCfg = Release|x86
		{B002444C-AFBA-4FD3-A916-9264131EEB71}.Release|x86.Build.0 = Release|x86
		{B002444C-AFBA-4FD3-A916-9264131EEB71}.SingleImage|Any CPU.ActiveCfg = Release|x86
		{B002444C-AFBA-4FD3-A916-9264131EEB71}.SingleImage|Mixed Platforms.ActiveCfg = Debug|x86
		{B002444C-AFBA-4FD3-A916-9264131EEB71}.SingleImage|Mixed Platforms.Build.0 = Debug|x86
		{B002444C-AFBA-4FD3-A916-9264131EEB71}.SingleImage|x86.ActiveCfg = Release|x86
		{B002444C-AFBA-4FD3-A916-9264131EEB71}.SingleImage|x86.Build.0 = Release|x86
		{441F01C3-7925-4F4D-99AE-6AAE20128AB6}.CD_ROM|Any CPU.ActiveCfg = Release|Any CPU
		{441F01C3-7925-4F4D-99AE-6AAE20128AB6}.CD_ROM|Any CPU.Build.0 = Release|Any CPU
		{441F01C3-7925-4F4D-99AE-6AAE20128AB6}.CD_ROM|Mixed Platforms.ActiveCfg = Release|Any CPU
		{441F01C3-7925-4F4D-99AE-6AAE20128AB6}.CD_ROM|Mixed Platforms.Build.0 = Release|Any CPU
		{441F01C3-7925-4F4D-99AE-6AAE20128AB6}.CD_ROM|x86.ActiveCfg = Release|Any CPU
		{441F01C3-7925-4F4D-99AE-6AAE20128AB6}.Debug|Any CPU.ActiveCfg = Debug|Any CPU
		{441F01C3-7925-4F4D-99AE-6AAE20128AB6}.Debug|Any CPU.Build.0 = Debug|Any CPU
		{441F01C3-7925-4F4D-99AE-6AAE20128AB6}.Debug|Mixed Platforms.ActiveCfg = Debug|Any CPU
		{441F01C3-7925-4F4D-99AE-6AAE20128AB6}.Debug|Mixed Platforms.Build.0 = Debug|Any CPU
		{441F01C3-7925-4F4D-99AE-6AAE20128AB6}.Debug|x86.ActiveCfg = Debug|Any CPU
		{441F01C3-7925-4F4D-99AE-6AAE20128AB6}.DVD-5|Any CPU.ActiveCfg = Debug|Any CPU
		{441F01C3-7925-4F4D-99AE-6AAE20128AB6}.DVD-5|Any CPU.Build.0 = Debug|Any CPU
		{441F01C3-7925-4F4D-99AE-6AAE20128AB6}.DVD-5|Mixed Platforms.ActiveCfg = Debug|Any CPU
		{441F01C3-7925-4F4D-99AE-6AAE20128AB6}.DVD-5|Mixed Platforms.Build.0 = Debug|Any CPU
		{441F01C3-7925-4F4D-99AE-6AAE20128AB6}.DVD-5|x86.ActiveCfg = Debug|Any CPU
		{441F01C3-7925-4F4D-99AE-6AAE20128AB6}.Release|Any CPU.ActiveCfg = Release|Any CPU
		{441F01C3-7925-4F4D-99AE-6AAE20128AB6}.Release|Any CPU.Build.0 = Release|Any CPU
		{441F01C3-7925-4F4D-99AE-6AAE20128AB6}.Release|Mixed Platforms.ActiveCfg = Debug|Any CPU
		{441F01C3-7925-4F4D-99AE-6AAE20128AB6}.Release|Mixed Platforms.Build.0 = Debug|Any CPU
		{441F01C3-7925-4F4D-99AE-6AAE20128AB6}.Release|x86.ActiveCfg = Release|Any CPU
		{441F01C3-7925-4F4D-99AE-6AAE20128AB6}.SingleImage|Any CPU.ActiveCfg = Release|Any CPU
		{441F01C3-7925-4F4D-99AE-6AAE20128AB6}.SingleImage|Any CPU.Build.0 = Release|Any CPU
		{441F01C3-7925-4F4D-99AE-6AAE20128AB6}.SingleImage|Mixed Platforms.ActiveCfg = Debug|Any CPU
		{441F01C3-7925-4F4D-99AE-6AAE20128AB6}.SingleImage|Mixed Platforms.Build.0 = Debug|Any CPU
		{441F01C3-7925-4F4D-99AE-6AAE20128AB6}.SingleImage|x86.ActiveCfg = Release|Any CPU
		{71D9C0CD-EB7C-4D87-B282-29F077C1FF80}.CD_ROM|Any CPU.ActiveCfg = Release|Any CPU
		{71D9C0CD-EB7C-4D87-B282-29F077C1FF80}.CD_ROM|Any CPU.Build.0 = Release|Any CPU
		{71D9C0CD-EB7C-4D87-B282-29F077C1FF80}.CD_ROM|Mixed Platforms.ActiveCfg = Release|Any CPU
		{71D9C0CD-EB7C-4D87-B282-29F077C1FF80}.CD_ROM|Mixed Platforms.Build.0 = Release|Any CPU
		{71D9C0CD-EB7C-4D87-B282-29F077C1FF80}.CD_ROM|x86.ActiveCfg = Release|Any CPU
		{71D9C0CD-EB7C-4D87-B282-29F077C1FF80}.Debug|Any CPU.ActiveCfg = Debug|Any CPU
		{71D9C0CD-EB7C-4D87-B282-29F077C1FF80}.Debug|Any CPU.Build.0 = Debug|Any CPU
		{71D9C0CD-EB7C-4D87-B282-29F077C1FF80}.Debug|Mixed Platforms.ActiveCfg = Debug|Any CPU
		{71D9C0CD-EB7C-4D87-B282-29F077C1FF80}.Debug|Mixed Platforms.Build.0 = Debug|Any CPU
		{71D9C0CD-EB7C-4D87-B282-29F077C1FF80}.Debug|x86.ActiveCfg = Debug|Any CPU
		{71D9C0CD-EB7C-4D87-B282-29F077C1FF80}.DVD-5|Any CPU.ActiveCfg = Debug|Any CPU
		{71D9C0CD-EB7C-4D87-B282-29F077C1FF80}.DVD-5|Any CPU.Build.0 = Debug|Any CPU
		{71D9C0CD-EB7C-4D87-B282-29F077C1FF80}.DVD-5|Mixed Platforms.ActiveCfg = Debug|Any CPU
		{71D9C0CD-EB7C-4D87-B282-29F077C1FF80}.DVD-5|Mixed Platforms.Build.0 = Debug|Any CPU
		{71D9C0CD-EB7C-4D87-B282-29F077C1FF80}.DVD-5|x86.ActiveCfg = Debug|Any CPU
		{71D9C0CD-EB7C-4D87-B282-29F077C1FF80}.Release|Any CPU.ActiveCfg = Release|Any CPU
		{71D9C0CD-EB7C-4D87-B282-29F077C1FF80}.Release|Any CPU.Build.0 = Release|Any CPU
		{71D9C0CD-EB7C-4D87-B282-29F077C1FF80}.Release|Mixed Platforms.ActiveCfg = Debug|Any CPU
		{71D9C0CD-EB7C-4D87-B282-29F077C1FF80}.Release|Mixed Platforms.Build.0 = Debug|Any CPU
		{71D9C0CD-EB7C-4D87-B282-29F077C1FF80}.Release|x86.ActiveCfg = Release|Any CPU
		{71D9C0CD-EB7C-4D87-B282-29F077C1FF80}.SingleImage|Any CPU.ActiveCfg = Release|Any CPU
		{71D9C0CD-EB7C-4D87-B282-29F077C1FF80}.SingleImage|Any CPU.Build.0 = Release|Any CPU
		{71D9C0CD-EB7C-4D87-B282-29F077C1FF80}.SingleImage|Mixed Platforms.ActiveCfg = Debug|Any CPU
		{71D9C0CD-EB7C-4D87-B282-29F077C1FF80}.SingleImage|Mixed Platforms.Build.0 = Debug|Any CPU
		{71D9C0CD-EB7C-4D87-B282-29F077C1FF80}.SingleImage|x86.ActiveCfg = Release|Any CPU
		{83AB6841-687E-4DC8-A976-5AB8A24310E0}.CD_ROM|Any CPU.ActiveCfg = Release|Any CPU
		{83AB6841-687E-4DC8-A976-5AB8A24310E0}.CD_ROM|Mixed Platforms.ActiveCfg = Release|Any CPU
		{83AB6841-687E-4DC8-A976-5AB8A24310E0}.CD_ROM|x86.ActiveCfg = Release|Any CPU
		{83AB6841-687E-4DC8-A976-5AB8A24310E0}.Debug|Any CPU.ActiveCfg = Debug|Any CPU
		{83AB6841-687E-4DC8-A976-5AB8A24310E0}.Debug|Any CPU.Build.0 = Debug|Any CPU
		{83AB6841-687E-4DC8-A976-5AB8A24310E0}.Debug|Mixed Platforms.ActiveCfg = Debug|Any CPU
		{83AB6841-687E-4DC8-A976-5AB8A24310E0}.Debug|Mixed Platforms.Build.0 = Debug|Any CPU
		{83AB6841-687E-4DC8-A976-5AB8A24310E0}.Debug|x86.ActiveCfg = Debug|Any CPU
		{83AB6841-687E-4DC8-A976-5AB8A24310E0}.DVD-5|Any CPU.ActiveCfg = Debug|Any CPU
		{83AB6841-687E-4DC8-A976-5AB8A24310E0}.DVD-5|Mixed Platforms.ActiveCfg = Debug|Any CPU
		{83AB6841-687E-4DC8-A976-5AB8A24310E0}.DVD-5|x86.ActiveCfg = Debug|Any CPU
		{83AB6841-687E-4DC8-A976-5AB8A24310E0}.Release|Any CPU.ActiveCfg = Release|Any CPU
		{83AB6841-687E-4DC8-A976-5AB8A24310E0}.Release|Any CPU.Build.0 = Release|Any CPU
		{83AB6841-687E-4DC8-A976-5AB8A24310E0}.Release|Mixed Platforms.ActiveCfg = Release|Any CPU
		{83AB6841-687E-4DC8-A976-5AB8A24310E0}.Release|Mixed Platforms.Build.0 = Release|Any CPU
		{83AB6841-687E-4DC8-A976-5AB8A24310E0}.Release|x86.ActiveCfg = Release|Any CPU
		{83AB6841-687E-4DC8-A976-5AB8A24310E0}.SingleImage|Any CPU.ActiveCfg = Release|Any CPU
		{83AB6841-687E-4DC8-A976-5AB8A24310E0}.SingleImage|Mixed Platforms.ActiveCfg = Release|Any CPU
		{83AB6841-687E-4DC8-A976-5AB8A24310E0}.SingleImage|x86.ActiveCfg = Release|Any CPU
		{0BECFDCC-1F18-4762-B633-141B24039CAC}.CD_ROM|Any CPU.ActiveCfg = Release|Any CPU
		{0BECFDCC-1F18-4762-B633-141B24039CAC}.CD_ROM|Any CPU.Build.0 = Release|Any CPU
		{0BECFDCC-1F18-4762-B633-141B24039CAC}.CD_ROM|Mixed Platforms.ActiveCfg = Release|Any CPU
		{0BECFDCC-1F18-4762-B633-141B24039CAC}.CD_ROM|Mixed Platforms.Build.0 = Release|Any CPU
		{0BECFDCC-1F18-4762-B633-141B24039CAC}.CD_ROM|x86.ActiveCfg = Release|Any CPU
		{0BECFDCC-1F18-4762-B633-141B24039CAC}.Debug|Any CPU.ActiveCfg = Debug|Any CPU
		{0BECFDCC-1F18-4762-B633-141B24039CAC}.Debug|Any CPU.Build.0 = Debug|Any CPU
		{0BECFDCC-1F18-4762-B633-141B24039CAC}.Debug|Mixed Platforms.ActiveCfg = Debug|Any CPU
		{0BECFDCC-1F18-4762-B633-141B24039CAC}.Debug|Mixed Platforms.Build.0 = Debug|Any CPU
		{0BECFDCC-1F18-4762-B633-141B24039CAC}.Debug|x86.ActiveCfg = Debug|Any CPU
		{0BECFDCC-1F18-4762-B633-141B24039CAC}.DVD-5|Any CPU.ActiveCfg = Debug|Any CPU
		{0BECFDCC-1F18-4762-B633-141B24039CAC}.DVD-5|Any CPU.Build.0 = Debug|Any CPU
		{0BECFDCC-1F18-4762-B633-141B24039CAC}.DVD-5|Mixed Platforms.ActiveCfg = Debug|Any CPU
		{0BECFDCC-1F18-4762-B633-141B24039CAC}.DVD-5|Mixed Platforms.Build.0 = Debug|Any CPU
		{0BECFDCC-1F18-4762-B633-141B24039CAC}.DVD-5|x86.ActiveCfg = Debug|Any CPU
		{0BECFDCC-1F18-4762-B633-141B24039CAC}.Release|Any CPU.ActiveCfg = Release|Any CPU
		{0BECFDCC-1F18-4762-B633-141B24039CAC}.Release|Any CPU.Build.0 = Release|Any CPU
		{0BECFDCC-1F18-4762-B633-141B24039CAC}.Release|Mixed Platforms.ActiveCfg = Debug|Any CPU
		{0BECFDCC-1F18-4762-B633-141B24039CAC}.Release|Mixed Platforms.Build.0 = Debug|Any CPU
		{0BECFDCC-1F18-4762-B633-141B24039CAC}.Release|x86.ActiveCfg = Release|Any CPU
		{0BECFDCC-1F18-4762-B633-141B24039CAC}.SingleImage|Any CPU.ActiveCfg = Release|Any CPU
		{0BECFDCC-1F18-4762-B633-141B24039CAC}.SingleImage|Any CPU.Build.0 = Release|Any CPU
		{0BECFDCC-1F18-4762-B633-141B24039CAC}.SingleImage|Mixed Platforms.ActiveCfg = Debug|Any CPU
		{0BECFDCC-1F18-4762-B633-141B24039CAC}.SingleImage|Mixed Platforms.Build.0 = Debug|Any CPU
		{0BECFDCC-1F18-4762-B633-141B24039CAC}.SingleImage|x86.ActiveCfg = Release|Any CPU
		{6B0E5F41-FE60-470A-8AF4-8597F1C20DC7}.CD_ROM|Any CPU.ActiveCfg = Release|Any CPU
		{6B0E5F41-FE60-470A-8AF4-8597F1C20DC7}.CD_ROM|Any CPU.Build.0 = Release|Any CPU
		{6B0E5F41-FE60-470A-8AF4-8597F1C20DC7}.CD_ROM|Mixed Platforms.ActiveCfg = Release|Any CPU
		{6B0E5F41-FE60-470A-8AF4-8597F1C20DC7}.CD_ROM|Mixed Platforms.Build.0 = Release|Any CPU
		{6B0E5F41-FE60-470A-8AF4-8597F1C20DC7}.CD_ROM|x86.ActiveCfg = Release|Any CPU
		{6B0E5F41-FE60-470A-8AF4-8597F1C20DC7}.Debug|Any CPU.ActiveCfg = Debug|Any CPU
		{6B0E5F41-FE60-470A-8AF4-8597F1C20DC7}.Debug|Any CPU.Build.0 = Debug|Any CPU
		{6B0E5F41-FE60-470A-8AF4-8597F1C20DC7}.Debug|Mixed Platforms.ActiveCfg = Debug|Any CPU
		{6B0E5F41-FE60-470A-8AF4-8597F1C20DC7}.Debug|Mixed Platforms.Build.0 = Debug|Any CPU
		{6B0E5F41-FE60-470A-8AF4-8597F1C20DC7}.Debug|x86.ActiveCfg = Debug|Any CPU
		{6B0E5F41-FE60-470A-8AF4-8597F1C20DC7}.DVD-5|Any CPU.ActiveCfg = Debug|Any CPU
		{6B0E5F41-FE60-470A-8AF4-8597F1C20DC7}.DVD-5|Any CPU.Build.0 = Debug|Any CPU
		{6B0E5F41-FE60-470A-8AF4-8597F1C20DC7}.DVD-5|Mixed Platforms.ActiveCfg = Debug|Any CPU
		{6B0E5F41-FE60-470A-8AF4-8597F1C20DC7}.DVD-5|Mixed Platforms.Build.0 = Debug|Any CPU
		{6B0E5F41-FE60-470A-8AF4-8597F1C20DC7}.DVD-5|x86.ActiveCfg = Debug|Any CPU
		{6B0E5F41-FE60-470A-8AF4-8597F1C20DC7}.Release|Any CPU.ActiveCfg = Release|Any CPU
		{6B0E5F41-FE60-470A-8AF4-8597F1C20DC7}.Release|Any CPU.Build.0 = Release|Any CPU
		{6B0E5F41-FE60-470A-8AF4-8597F1C20DC7}.Release|Mixed Platforms.ActiveCfg = Debug|Any CPU
		{6B0E5F41-FE60-470A-8AF4-8597F1C20DC7}.Release|Mixed Platforms.Build.0 = Debug|Any CPU
		{6B0E5F41-FE60-470A-8AF4-8597F1C20DC7}.Release|x86.ActiveCfg = Release|Any CPU
		{6B0E5F41-FE60-470A-8AF4-8597F1C20DC7}.SingleImage|Any CPU.ActiveCfg = Release|Any CPU
		{6B0E5F41-FE60-470A-8AF4-8597F1C20DC7}.SingleImage|Any CPU.Build.0 = Release|Any CPU
		{6B0E5F41-FE60-470A-8AF4-8597F1C20DC7}.SingleImage|Mixed Platforms.ActiveCfg = Debug|Any CPU
		{6B0E5F41-FE60-470A-8AF4-8597F1C20DC7}.SingleImage|Mixed Platforms.Build.0 = Debug|Any CPU
		{6B0E5F41-FE60-470A-8AF4-8597F1C20DC7}.SingleImage|x86.ActiveCfg = Release|Any CPU
		{34C0BBCC-7B95-47E4-AFDE-047A5F26CA77}.CD_ROM|Any CPU.ActiveCfg = CD_ROM
		{34C0BBCC-7B95-47E4-AFDE-047A5F26CA77}.CD_ROM|Any CPU.Build.0 = CD_ROM
		{34C0BBCC-7B95-47E4-AFDE-047A5F26CA77}.CD_ROM|Mixed Platforms.ActiveCfg = CD_ROM
		{34C0BBCC-7B95-47E4-AFDE-047A5F26CA77}.CD_ROM|Mixed Platforms.Build.0 = CD_ROM
		{34C0BBCC-7B95-47E4-AFDE-047A5F26CA77}.CD_ROM|x86.ActiveCfg = CD_ROM
		{34C0BBCC-7B95-47E4-AFDE-047A5F26CA77}.CD_ROM|x86.Build.0 = CD_ROM
		{34C0BBCC-7B95-47E4-AFDE-047A5F26CA77}.Debug|Any CPU.ActiveCfg = DVD-5
		{34C0BBCC-7B95-47E4-AFDE-047A5F26CA77}.Debug|Any CPU.Build.0 = DVD-5
		{34C0BBCC-7B95-47E4-AFDE-047A5F26CA77}.Debug|Mixed Platforms.ActiveCfg = DVD-5
		{34C0BBCC-7B95-47E4-AFDE-047A5F26CA77}.Debug|Mixed Platforms.Build.0 = DVD-5
		{34C0BBCC-7B95-47E4-AFDE-047A5F26CA77}.Debug|x86.ActiveCfg = DVD-5
		{34C0BBCC-7B95-47E4-AFDE-047A5F26CA77}.Debug|x86.Build.0 = DVD-5
		{34C0BBCC-7B95-47E4-AFDE-047A5F26CA77}.DVD-5|Any CPU.ActiveCfg = DVD-5
		{34C0BBCC-7B95-47E4-AFDE-047A5F26CA77}.DVD-5|Any CPU.Build.0 = DVD-5
		{34C0BBCC-7B95-47E4-AFDE-047A5F26CA77}.DVD-5|Mixed Platforms.ActiveCfg = DVD-5
		{34C0BBCC-7B95-47E4-AFDE-047A5F26CA77}.DVD-5|Mixed Platforms.Build.0 = DVD-5
		{34C0BBCC-7B95-47E4-AFDE-047A5F26CA77}.DVD-5|x86.ActiveCfg = DVD-5
		{34C0BBCC-7B95-47E4-AFDE-047A5F26CA77}.DVD-5|x86.Build.0 = DVD-5
		{34C0BBCC-7B95-47E4-AFDE-047A5F26CA77}.Release|Any CPU.ActiveCfg = SingleImage
		{34C0BBCC-7B95-47E4-AFDE-047A5F26CA77}.Release|Any CPU.Build.0 = SingleImage
		{34C0BBCC-7B95-47E4-AFDE-047A5F26CA77}.Release|Mixed Platforms.ActiveCfg = SingleImage
		{34C0BBCC-7B95-47E4-AFDE-047A5F26CA77}.Release|Mixed Platforms.Build.0 = SingleImage
		{34C0BBCC-7B95-47E4-AFDE-047A5F26CA77}.Release|x86.ActiveCfg = SingleImage
		{34C0BBCC-7B95-47E4-AFDE-047A5F26CA77}.Release|x86.Build.0 = SingleImage
		{34C0BBCC-7B95-47E4-AFDE-047A5F26CA77}.SingleImage|Any CPU.ActiveCfg = SingleImage
		{34C0BBCC-7B95-47E4-AFDE-047A5F26CA77}.SingleImage|Any CPU.Build.0 = SingleImage
		{34C0BBCC-7B95-47E4-AFDE-047A5F26CA77}.SingleImage|Mixed Platforms.ActiveCfg = SingleImage
		{34C0BBCC-7B95-47E4-AFDE-047A5F26CA77}.SingleImage|Mixed Platforms.Build.0 = SingleImage
		{34C0BBCC-7B95-47E4-AFDE-047A5F26CA77}.SingleImage|x86.ActiveCfg = SingleImage
		{34C0BBCC-7B95-47E4-AFDE-047A5F26CA77}.SingleImage|x86.Build.0 = SingleImage
		{E2C8BF37-D0EB-4E3C-8F68-02CEA93FF64C}.CD_ROM|Any CPU.ActiveCfg = CD_ROM
		{E2C8BF37-D0EB-4E3C-8F68-02CEA93FF64C}.CD_ROM|Any CPU.Build.0 = CD_ROM
		{E2C8BF37-D0EB-4E3C-8F68-02CEA93FF64C}.CD_ROM|Mixed Platforms.ActiveCfg = CD_ROM
		{E2C8BF37-D0EB-4E3C-8F68-02CEA93FF64C}.CD_ROM|Mixed Platforms.Build.0 = CD_ROM
		{E2C8BF37-D0EB-4E3C-8F68-02CEA93FF64C}.CD_ROM|x86.ActiveCfg = CD_ROM
		{E2C8BF37-D0EB-4E3C-8F68-02CEA93FF64C}.CD_ROM|x86.Build.0 = CD_ROM
		{E2C8BF37-D0EB-4E3C-8F68-02CEA93FF64C}.Debug|Any CPU.ActiveCfg = DVD-5
		{E2C8BF37-D0EB-4E3C-8F68-02CEA93FF64C}.Debug|Any CPU.Build.0 = DVD-5
		{E2C8BF37-D0EB-4E3C-8F68-02CEA93FF64C}.Debug|Mixed Platforms.ActiveCfg = DVD-5
		{E2C8BF37-D0EB-4E3C-8F68-02CEA93FF64C}.Debug|Mixed Platforms.Build.0 = DVD-5
		{E2C8BF37-D0EB-4E3C-8F68-02CEA93FF64C}.Debug|x86.ActiveCfg = DVD-5
		{E2C8BF37-D0EB-4E3C-8F68-02CEA93FF64C}.Debug|x86.Build.0 = DVD-5
		{E2C8BF37-D0EB-4E3C-8F68-02CEA93FF64C}.DVD-5|Any CPU.ActiveCfg = DVD-5
		{E2C8BF37-D0EB-4E3C-8F68-02CEA93FF64C}.DVD-5|Any CPU.Build.0 = DVD-5
		{E2C8BF37-D0EB-4E3C-8F68-02CEA93FF64C}.DVD-5|Mixed Platforms.ActiveCfg = DVD-5
		{E2C8BF37-D0EB-4E3C-8F68-02CEA93FF64C}.DVD-5|Mixed Platforms.Build.0 = DVD-5
		{E2C8BF37-D0EB-4E3C-8F68-02CEA93FF64C}.DVD-5|x86.ActiveCfg = DVD-5
		{E2C8BF37-D0EB-4E3C-8F68-02CEA93FF64C}.DVD-5|x86.Build.0 = DVD-5
		{E2C8BF37-D0EB-4E3C-8F68-02CEA93FF64C}.Release|Any CPU.ActiveCfg = SingleImage
		{E2C8BF37-D0EB-4E3C-8F68-02CEA93FF64C}.Release|Any CPU.Build.0 = SingleImage
		{E2C8BF37-D0EB-4E3C-8F68-02CEA93FF64C}.Release|Mixed Platforms.ActiveCfg = SingleImage
		{E2C8BF37-D0EB-4E3C-8F68-02CEA93FF64C}.Release|Mixed Platforms.Build.0 = SingleImage
		{E2C8BF37-D0EB-4E3C-8F68-02CEA93FF64C}.Release|x86.ActiveCfg = SingleImage
		{E2C8BF37-D0EB-4E3C-8F68-02CEA93FF64C}.Release|x86.Build.0 = SingleImage
		{E2C8BF37-D0EB-4E3C-8F68-02CEA93FF64C}.SingleImage|Any CPU.ActiveCfg = SingleImage
		{E2C8BF37-D0EB-4E3C-8F68-02CEA93FF64C}.SingleImage|Any CPU.Build.0 = SingleImage
		{E2C8BF37-D0EB-4E3C-8F68-02CEA93FF64C}.SingleImage|Mixed Platforms.ActiveCfg = SingleImage
		{E2C8BF37-D0EB-4E3C-8F68-02CEA93FF64C}.SingleImage|Mixed Platforms.Build.0 = SingleImage
		{E2C8BF37-D0EB-4E3C-8F68-02CEA93FF64C}.SingleImage|x86.ActiveCfg = SingleImage
		{E2C8BF37-D0EB-4E3C-8F68-02CEA93FF64C}.SingleImage|x86.Build.0 = SingleImage
		{C3E11663-6716-40EF-B12C-74DD639DF9DA}.CD_ROM|Any CPU.Build.0 = Debug|Any CPU
		{C3E11663-6716-40EF-B12C-74DD639DF9DA}.CD_ROM|Any CPU.ActiveCfg = Debug|Any CPU
		{C3E11663-6716-40EF-B12C-74DD639DF9DA}.CD_ROM|Mixed Platforms.Build.0 = Debug|Any CPU
		{C3E11663-6716-40EF-B12C-74DD639DF9DA}.CD_ROM|Mixed Platforms.ActiveCfg = Debug|Any CPU
		{C3E11663-6716-40EF-B12C-74DD639DF9DA}.CD_ROM|x86.Build.0 = Debug|Any CPU
		{C3E11663-6716-40EF-B12C-74DD639DF9DA}.CD_ROM|x86.ActiveCfg = Debug|Any CPU
		{C3E11663-6716-40EF-B12C-74DD639DF9DA}.Debug|Any CPU.Build.0 = Debug|Any CPU
		{C3E11663-6716-40EF-B12C-74DD639DF9DA}.Debug|Any CPU.ActiveCfg = Debug|Any CPU
		{C3E11663-6716-40EF-B12C-74DD639DF9DA}.Debug|Mixed Platforms.Build.0 = Debug|Any CPU
		{C3E11663-6716-40EF-B12C-74DD639DF9DA}.Debug|Mixed Platforms.ActiveCfg = Debug|Any CPU
		{C3E11663-6716-40EF-B12C-74DD639DF9DA}.Debug|x86.Build.0 = Debug|Any CPU
		{C3E11663-6716-40EF-B12C-74DD639DF9DA}.Debug|x86.ActiveCfg = Debug|Any CPU
		{C3E11663-6716-40EF-B12C-74DD639DF9DA}.DVD-5|Any CPU.Build.0 = Debug|Any CPU
		{C3E11663-6716-40EF-B12C-74DD639DF9DA}.DVD-5|Any CPU.ActiveCfg = Debug|Any CPU
		{C3E11663-6716-40EF-B12C-74DD639DF9DA}.DVD-5|Mixed Platforms.Build.0 = Debug|Any CPU
		{C3E11663-6716-40EF-B12C-74DD639DF9DA}.DVD-5|Mixed Platforms.ActiveCfg = Debug|Any CPU
		{C3E11663-6716-40EF-B12C-74DD639DF9DA}.DVD-5|x86.Build.0 = Debug|Any CPU
		{C3E11663-6716-40EF-B12C-74DD639DF9DA}.DVD-5|x86.ActiveCfg = Debug|Any CPU
		{C3E11663-6716-40EF-B12C-74DD639DF9DA}.Release|Any CPU.Build.0 = Release|Any CPU
		{C3E11663-6716-40EF-B12C-74DD639DF9DA}.Release|Any CPU.ActiveCfg = Release|Any CPU
		{C3E11663-6716-40EF-B12C-74DD639DF9DA}.Release|Mixed Platforms.Build.0 = Release|Any CPU
		{C3E11663-6716-40EF-B12C-74DD639DF9DA}.Release|Mixed Platforms.ActiveCfg = Release|Any CPU
		{C3E11663-6716-40EF-B12C-74DD639DF9DA}.Release|x86.Build.0 = Release|Any CPU
		{C3E11663-6716-40EF-B12C-74DD639DF9DA}.Release|x86.ActiveCfg = Release|Any CPU
		{C3E11663-6716-40EF-B12C-74DD639DF9DA}.SingleImage|Any CPU.Build.0 = Debug|Any CPU
		{C3E11663-6716-40EF-B12C-74DD639DF9DA}.SingleImage|Any CPU.ActiveCfg = Debug|Any CPU
		{C3E11663-6716-40EF-B12C-74DD639DF9DA}.SingleImage|Mixed Platforms.Build.0 = Debug|Any CPU
		{C3E11663-6716-40EF-B12C-74DD639DF9DA}.SingleImage|Mixed Platforms.ActiveCfg = Debug|Any CPU
		{C3E11663-6716-40EF-B12C-74DD639DF9DA}.SingleImage|x86.Build.0 = Debug|Any CPU
		{C3E11663-6716-40EF-B12C-74DD639DF9DA}.SingleImage|x86.ActiveCfg = Debug|Any CPU
		{D8307E24-600C-4116-9669-5351D9DF1B27}.CD_ROM|Any CPU.Build.0 = Debug|Any CPU
		{D8307E24-600C-4116-9669-5351D9DF1B27}.CD_ROM|Any CPU.ActiveCfg = Debug|Any CPU
		{D8307E24-600C-4116-9669-5351D9DF1B27}.CD_ROM|Mixed Platforms.Build.0 = Debug|Any CPU
		{D8307E24-600C-4116-9669-5351D9DF1B27}.CD_ROM|Mixed Platforms.ActiveCfg = Debug|Any CPU
		{D8307E24-600C-4116-9669-5351D9DF1B27}.CD_ROM|x86.Build.0 = Debug|Any CPU
		{D8307E24-600C-4116-9669-5351D9DF1B27}.CD_ROM|x86.ActiveCfg = Debug|Any CPU
		{D8307E24-600C-4116-9669-5351D9DF1B27}.Debug|Any CPU.Build.0 = Debug|Any CPU
		{D8307E24-600C-4116-9669-5351D9DF1B27}.Debug|Any CPU.ActiveCfg = Debug|Any CPU
		{D8307E24-600C-4116-9669-5351D9DF1B27}.Debug|Mixed Platforms.Build.0 = Debug|Any CPU
		{D8307E24-600C-4116-9669-5351D9DF1B27}.Debug|Mixed Platforms.ActiveCfg = Debug|Any CPU
		{D8307E24-600C-4116-9669-5351D9DF1B27}.Debug|x86.Build.0 = Debug|Any CPU
		{D8307E24-600C-4116-9669-5351D9DF1B27}.Debug|x86.ActiveCfg = Debug|Any CPU
		{D8307E24-600C-4116-9669-5351D9DF1B27}.DVD-5|Any CPU.Build.0 = Debug|Any CPU
		{D8307E24-600C-4116-9669-5351D9DF1B27}.DVD-5|Any CPU.ActiveCfg = Debug|Any CPU
		{D8307E24-600C-4116-9669-5351D9DF1B27}.DVD-5|Mixed Platforms.Build.0 = Debug|Any CPU
		{D8307E24-600C-4116-9669-5351D9DF1B27}.DVD-5|Mixed Platforms.ActiveCfg = Debug|Any CPU
		{D8307E24-600C-4116-9669-5351D9DF1B27}.DVD-5|x86.Build.0 = Debug|Any CPU
		{D8307E24-600C-4116-9669-5351D9DF1B27}.DVD-5|x86.ActiveCfg = Debug|Any CPU
		{D8307E24-600C-4116-9669-5351D9DF1B27}.Release|Any CPU.Build.0 = Release|Any CPU
		{D8307E24-600C-4116-9669-5351D9DF1B27}.Release|Any CPU.ActiveCfg = Release|Any CPU
		{D8307E24-600C-4116-9669-5351D9DF1B27}.Release|Mixed Platforms.Build.0 = Release|Any CPU
		{D8307E24-600C-4116-9669-5351D9DF1B27}.Release|Mixed Platforms.ActiveCfg = Release|Any CPU
		{D8307E24-600C-4116-9669-5351D9DF1B27}.Release|x86.Build.0 = Release|Any CPU
		{D8307E24-600C-4116-9669-5351D9DF1B27}.Release|x86.ActiveCfg = Release|Any CPU
		{D8307E24-600C-4116-9669-5351D9DF1B27}.SingleImage|Any CPU.Build.0 = Debug|Any CPU
		{D8307E24-600C-4116-9669-5351D9DF1B27}.SingleImage|Any CPU.ActiveCfg = Debug|Any CPU
		{D8307E24-600C-4116-9669-5351D9DF1B27}.SingleImage|Mixed Platforms.Build.0 = Debug|Any CPU
		{D8307E24-600C-4116-9669-5351D9DF1B27}.SingleImage|Mixed Platforms.ActiveCfg = Debug|Any CPU
		{D8307E24-600C-4116-9669-5351D9DF1B27}.SingleImage|x86.Build.0 = Debug|Any CPU
		{D8307E24-600C-4116-9669-5351D9DF1B27}.SingleImage|x86.ActiveCfg = Debug|Any CPU
		{6D183DF8-3AF2-4F0B-AE55-700BD43D15F6}.CD_ROM|Any CPU.Build.0 = Debug|Any CPU
		{6D183DF8-3AF2-4F0B-AE55-700BD43D15F6}.CD_ROM|Any CPU.ActiveCfg = Debug|Any CPU
		{6D183DF8-3AF2-4F0B-AE55-700BD43D15F6}.CD_ROM|Mixed Platforms.Build.0 = Debug|Any CPU
		{6D183DF8-3AF2-4F0B-AE55-700BD43D15F6}.CD_ROM|Mixed Platforms.ActiveCfg = Debug|Any CPU
		{6D183DF8-3AF2-4F0B-AE55-700BD43D15F6}.CD_ROM|x86.Build.0 = Debug|Any CPU
		{6D183DF8-3AF2-4F0B-AE55-700BD43D15F6}.CD_ROM|x86.ActiveCfg = Debug|Any CPU
		{6D183DF8-3AF2-4F0B-AE55-700BD43D15F6}.Debug|Any CPU.Build.0 = Debug|Any CPU
		{6D183DF8-3AF2-4F0B-AE55-700BD43D15F6}.Debug|Any CPU.ActiveCfg = Debug|Any CPU
		{6D183DF8-3AF2-4F0B-AE55-700BD43D15F6}.Debug|Mixed Platforms.Build.0 = Debug|Any CPU
		{6D183DF8-3AF2-4F0B-AE55-700BD43D15F6}.Debug|Mixed Platforms.ActiveCfg = Debug|Any CPU
		{6D183DF8-3AF2-4F0B-AE55-700BD43D15F6}.Debug|x86.Build.0 = Debug|Any CPU
		{6D183DF8-3AF2-4F0B-AE55-700BD43D15F6}.Debug|x86.ActiveCfg = Debug|Any CPU
		{6D183DF8-3AF2-4F0B-AE55-700BD43D15F6}.DVD-5|Any CPU.Build.0 = Debug|Any CPU
		{6D183DF8-3AF2-4F0B-AE55-700BD43D15F6}.DVD-5|Any CPU.ActiveCfg = Debug|Any CPU
		{6D183DF8-3AF2-4F0B-AE55-700BD43D15F6}.DVD-5|Mixed Platforms.Build.0 = Debug|Any CPU
		{6D183DF8-3AF2-4F0B-AE55-700BD43D15F6}.DVD-5|Mixed Platforms.ActiveCfg = Debug|Any CPU
		{6D183DF8-3AF2-4F0B-AE55-700BD43D15F6}.DVD-5|x86.Build.0 = Debug|Any CPU
		{6D183DF8-3AF2-4F0B-AE55-700BD43D15F6}.DVD-5|x86.ActiveCfg = Debug|Any CPU
		{6D183DF8-3AF2-4F0B-AE55-700BD43D15F6}.Release|Any CPU.Build.0 = Release|Any CPU
		{6D183DF8-3AF2-4F0B-AE55-700BD43D15F6}.Release|Any CPU.ActiveCfg = Release|Any CPU
		{6D183DF8-3AF2-4F0B-AE55-700BD43D15F6}.Release|Mixed Platforms.Build.0 = Release|Any CPU
		{6D183DF8-3AF2-4F0B-AE55-700BD43D15F6}.Release|Mixed Platforms.ActiveCfg = Release|Any CPU
		{6D183DF8-3AF2-4F0B-AE55-700BD43D15F6}.Release|x86.Build.0 = Release|Any CPU
		{6D183DF8-3AF2-4F0B-AE55-700BD43D15F6}.Release|x86.ActiveCfg = Release|Any CPU
		{6D183DF8-3AF2-4F0B-AE55-700BD43D15F6}.SingleImage|Any CPU.Build.0 = Debug|Any CPU
		{6D183DF8-3AF2-4F0B-AE55-700BD43D15F6}.SingleImage|Any CPU.ActiveCfg = Debug|Any CPU
		{6D183DF8-3AF2-4F0B-AE55-700BD43D15F6}.SingleImage|Mixed Platforms.Build.0 = Debug|Any CPU
		{6D183DF8-3AF2-4F0B-AE55-700BD43D15F6}.SingleImage|Mixed Platforms.ActiveCfg = Debug|Any CPU
		{6D183DF8-3AF2-4F0B-AE55-700BD43D15F6}.SingleImage|x86.Build.0 = Debug|Any CPU
		{6D183DF8-3AF2-4F0B-AE55-700BD43D15F6}.SingleImage|x86.ActiveCfg = Debug|Any CPU
	EndGlobalSection
	GlobalSection(SolutionProperties) = preSolution
		HideSolutionNode = FALSE
	EndGlobalSection
EndGlobal
